
Microsoft Visual Studio Solution File, Format Version 12.00
# Visual Studio Version 17
VisualStudioVersion = 17.4.33103.184
MinimumVisualStudioVersion = 10.0.40219.1
Project("{2150E333-8FDC-42A3-9474-1A3956D46DE8}") = "src", "src", "{8D76E4EA-958F-4B3A-ADC6-A25191ECAD4C}"
EndProject
Project("{2150E333-8FDC-42A3-9474-1A3956D46DE8}") = "Services", "Services", "{97200AF7-B1D3-4AB7-BEF7-DF688871D6D8}"
EndProject
Project("{2150E333-8FDC-42A3-9474-1A3956D46DE8}") = "Order", "Order", "{19B70D93-F698-458D-A541-71AE4F2D717C}"
EndProject
Project("{E53339B2-1760-4266-BCC7-CA923CBCF16C}") = "docker-compose", "docker-compose.dcproj", "{6627B302-299E-4182-8288-5438BB8632B7}"
EndProject
Project("{2150E333-8FDC-42A3-9474-1A3956D46DE8}") = "Account", "Account", "{53992CCD-61BC-41CB-8CF0-53A5B6C02DF7}"
EndProject
Project("{2150E333-8FDC-42A3-9474-1A3956D46DE8}") = "Core", "Core", "{314150D4-2195-4935-A497-9DC2867A4329}"
EndProject
Project("{2150E333-8FDC-42A3-9474-1A3956D46DE8}") = "Product", "Product", "{E4EF3A09-6B6D-4726-8744-D09D9115D5E5}"
EndProject
Project("{2150E333-8FDC-42A3-9474-1A3956D46DE8}") = "Common", "Common", "{8F2FC0FD-F210-4558-AC71-2793935501D6}"
EndProject
Project("{2150E333-8FDC-42A3-9474-1A3956D46DE8}") = "Core", "Core", "{397E865D-7DD4-45F5-82C0-71304AF45400}"
EndProject
Project("{2150E333-8FDC-42A3-9474-1A3956D46DE8}") = "Infrastructure", "Infrastructure", "{C49090D7-54E8-4E82-ACBE-2EE163D2D213}"
EndProject
Project("{2150E333-8FDC-42A3-9474-1A3956D46DE8}") = "IoC", "IoC", "{9713F7EF-C733-4D2E-A188-1F3EF5BA81D1}"
EndProject
Project("{2150E333-8FDC-42A3-9474-1A3956D46DE8}") = "Presentation", "Presentation", "{7AB73443-EB32-469E-8128-70666F150516}"
EndProject
Project("{9A19103F-16F7-4668-BE54-9A1E7A4F7556}") = "Product.Common", "src\Services\Product\Common\Product.Common\Product.Common.csproj", "{3ECD041E-4048-4C81-8C8E-A5877EC1D671}"
EndProject
Project("{9A19103F-16F7-4668-BE54-9A1E7A4F7556}") = "Product.Application", "src\Services\Product\Core\Product.Application\Product.Application.csproj", "{DB8A9D77-A086-4E91-BB7B-878C69566E45}"
EndProject
Project("{9A19103F-16F7-4668-BE54-9A1E7A4F7556}") = "Product.Domain", "src\Services\Product\Core\Product.Domain\Product.Domain.csproj", "{99CE6005-EBDD-44AF-9C48-DA08C8223BCE}"
EndProject
Project("{9A19103F-16F7-4668-BE54-9A1E7A4F7556}") = "Product.Infrastructure", "src\Services\Product\Infrastructure\Product.Infrastructure\Product.Infrastructure.csproj", "{EC9C6980-33E8-426B-A13B-2AC3F1A46E40}"
EndProject
Project("{9A19103F-16F7-4668-BE54-9A1E7A4F7556}") = "Product.Persistence", "src\Services\Product\Infrastructure\Product.Persistence\Product.Persistence.csproj", "{6860FD71-8D38-46EF-89E4-CE05ECC90CC6}"
EndProject
Project("{9A19103F-16F7-4668-BE54-9A1E7A4F7556}") = "Product.IoC", "src\Services\Product\IoC\Product.IoC\Product.IoC.csproj", "{78CE5480-71A0-4E2D-BD0B-4AFB5EA889E7}"
EndProject
Project("{9A19103F-16F7-4668-BE54-9A1E7A4F7556}") = "Product.Api", "src\Services\Product\Presentation\Product.Api\Product.Api.csproj", "{E05AEB46-28E8-4D2A-86A3-D9BA9DE731B9}"
EndProject
Project("{9A19103F-16F7-4668-BE54-9A1E7A4F7556}") = "Account.Core", "src\Services\Account\Core\Account.Core\Account.Core.csproj", "{269E1BB9-F014-4032-A521-6156AA3A8DC7}"
EndProject
Project("{2150E333-8FDC-42A3-9474-1A3956D46DE8}") = "Repository", "Repository", "{1A11A736-C34A-438E-B656-EB8F1094FC68}"
EndProject
Project("{9A19103F-16F7-4668-BE54-9A1E7A4F7556}") = "Account.Repository", "src\Services\Account\Repository\Account.Repository\Account.Repository.csproj", "{CE3A6E0C-2F3D-4A68-B0DA-9585E348EAEE}"
EndProject
Project("{2150E333-8FDC-42A3-9474-1A3956D46DE8}") = "Service", "Service", "{0DFD3790-E9E0-4990-854F-5121860C090B}"
EndProject
Project("{9A19103F-16F7-4668-BE54-9A1E7A4F7556}") = "Account.Service", "src\Services\Account\Service\Account.Service\Account.Service.csproj", "{27D27456-F4AD-4BD7-98D5-95396377F669}"
EndProject
Project("{2150E333-8FDC-42A3-9474-1A3956D46DE8}") = "Presentation", "Presentation", "{A2DB490E-F115-44D8-8D28-D22C3DAF7017}"
EndProject
Project("{9A19103F-16F7-4668-BE54-9A1E7A4F7556}") = "Account.Api", "src\Services\Account\Presentation\Account.Api\Account.Api.csproj", "{5845785E-7431-4103-AE77-2B3AED45CA84}"
EndProject
Project("{2150E333-8FDC-42A3-9474-1A3956D46DE8}") = "IoC", "IoC", "{5B4A146A-FBD2-4541-87F3-A14251607659}"
EndProject
Project("{9A19103F-16F7-4668-BE54-9A1E7A4F7556}") = "Account.IoC", "src\Services\Account\IoC\Account.IoC\Account.IoC.csproj", "{C5617B3D-657E-4211-BF02-07A82592819F}"
EndProject
Project("{2150E333-8FDC-42A3-9474-1A3956D46DE8}") = "ApiGateways", "ApiGateways", "{6949FD80-5C60-4986-8F7E-ECB66E7F5CBA}"
EndProject
Project("{2150E333-8FDC-42A3-9474-1A3956D46DE8}") = "Basket", "Basket", "{3F52D60D-DF7F-4144-BF07-D2D2FC229DEB}"
EndProject
Project("{2150E333-8FDC-42A3-9474-1A3956D46DE8}") = "Application", "Application", "{C6A3991F-9335-4D46-9640-204628C5A07F}"
EndProject
Project("{2150E333-8FDC-42A3-9474-1A3956D46DE8}") = "Core", "Core", "{508EBBF0-0142-4998-8F64-CD15289F3DDE}"
EndProject
Project("{2150E333-8FDC-42A3-9474-1A3956D46DE8}") = "DataAccess", "DataAccess", "{F88DC56B-2EF6-43EF-A4C2-82DD18E956E8}"
EndProject
Project("{2150E333-8FDC-42A3-9474-1A3956D46DE8}") = "Shared", "Shared", "{D2B8C089-1265-4E34-89A7-46B730F460B4}"
EndProject
Project("{9A19103F-16F7-4668-BE54-9A1E7A4F7556}") = "Basket.Application", "src\Services\Basket\Application\Basket.Application\Basket.Application.csproj", "{375579AC-ED7C-48C4-A4E2-1C7116BC296B}"
EndProject
Project("{9A19103F-16F7-4668-BE54-9A1E7A4F7556}") = "Basket.Core", "src\Services\Basket\Core\Basket.Core\Basket.Core.csproj", "{68F385FB-0E19-4AF1-9BF9-FF4F4297095D}"
EndProject
Project("{9A19103F-16F7-4668-BE54-9A1E7A4F7556}") = "Basket.DataAccess", "src\Services\Basket\DataAccess\Basket.DataAccess\Basket.DataAccess.csproj", "{8023820C-522D-40EE-8876-9FA6A18AA4B2}"
EndProject
Project("{9A19103F-16F7-4668-BE54-9A1E7A4F7556}") = "Basket.Shared", "src\Services\Basket\Shared\Basket.Shared\Basket.Shared.csproj", "{94577E31-C4A5-4EF8-951D-4B1457596238}"
EndProject
Project("{2150E333-8FDC-42A3-9474-1A3956D46DE8}") = "Presentation", "Presentation", "{47805935-0998-432E-A0A5-E56FC70B002B}"
EndProject
Project("{9A19103F-16F7-4668-BE54-9A1E7A4F7556}") = "Basket.Api", "src\Services\Basket\Presentation\Basket.Api\Basket.Api.csproj", "{58B0FE5C-3CB9-483B-B23A-19EBE09338FD}"
EndProject
Project("{2150E333-8FDC-42A3-9474-1A3956D46DE8}") = "Data", "Data", "{757957B6-8FC5-426E-B503-2D1F34C91E26}"
EndProject
Project("{2150E333-8FDC-42A3-9474-1A3956D46DE8}") = "Domain", "Domain", "{70131563-DC74-4A64-9FEA-40BE8E41C2C2}"
EndProject
Project("{2150E333-8FDC-42A3-9474-1A3956D46DE8}") = "Core", "Core", "{C596D112-A26B-4283-AC37-134F0F505308}"
EndProject
Project("{2150E333-8FDC-42A3-9474-1A3956D46DE8}") = "IoC", "IoC", "{A42031DA-6213-4DC5-9B07-65C15B182D77}"
EndProject
Project("{2150E333-8FDC-42A3-9474-1A3956D46DE8}") = "Presentation", "Presentation", "{97490555-9B63-4CF2-A996-F95A224C125C}"
EndProject
Project("{9A19103F-16F7-4668-BE54-9A1E7A4F7556}") = "Order.Api", "src\Services\Order\Presentation\Order.Api\Order.Api.csproj", "{5B823D4E-37DD-4C32-A359-21EBCAABFF14}"
EndProject
Project("{9A19103F-16F7-4668-BE54-9A1E7A4F7556}") = "Order.IoC", "src\Services\Order\IoC\Order.IoC\Order.IoC.csproj", "{2FA27291-95AE-4476-AE48-D5A8A2C3880E}"
EndProject
Project("{9A19103F-16F7-4668-BE54-9A1E7A4F7556}") = "Order.Domain", "src\Services\Order\Domain\Order.Domain\Order.Domain.csproj", "{F120EE10-A393-4B15-9451-177BB76F7585}"
EndProject
Project("{9A19103F-16F7-4668-BE54-9A1E7A4F7556}") = "Order.Data", "src\Services\Order\Data\Order.Data\Order.Data.csproj", "{65A09C58-D94C-4851-8170-26E41E21ED31}"
EndProject
Project("{9A19103F-16F7-4668-BE54-9A1E7A4F7556}") = "Order.Core", "src\Services\Order\Core\Order.Core\Order.Core.csproj", "{84730A56-5DA6-4F42-862B-47D4C749FDA0}"
EndProject
Project("{9A19103F-16F7-4668-BE54-9A1E7A4F7556}") = "Product.Grpc", "src\Services\Product\Presentation\Product.Grpc\Product.Grpc.csproj", "{CF34217C-AA4A-41E6-B092-8F332D9C7CA2}"
EndProject
Project("{2150E333-8FDC-42A3-9474-1A3956D46DE8}") = "BuildingBlock", "BuildingBlock", "{B77E3134-694C-40AE-B2D3-ED0F817A5950}"
EndProject
Project("{9A19103F-16F7-4668-BE54-9A1E7A4F7556}") = "EventBus.Message", "src\BuildingBlock\EventBus.Message\EventBus.Message.csproj", "{F43E499E-6689-4F26-8625-07E95F631167}"
EndProject
Project("{FAE04EC0-301F-11D3-BF4B-00C04F79EFBC}") = "OcelotApiGw", "src\ApiGateways\OcelotApiGw\OcelotApiGw.csproj", "{017B72CE-58E8-4FF3-8AC4-2366063885E6}"
EndProject
Global
	GlobalSection(SolutionConfigurationPlatforms) = preSolution
		Debug|Any CPU = Debug|Any CPU
		Release|Any CPU = Release|Any CPU
	EndGlobalSection
	GlobalSection(ProjectConfigurationPlatforms) = postSolution
		{6627B302-299E-4182-8288-5438BB8632B7}.Debug|Any CPU.ActiveCfg = Debug|Any CPU
		{6627B302-299E-4182-8288-5438BB8632B7}.Debug|Any CPU.Build.0 = Debug|Any CPU
		{6627B302-299E-4182-8288-5438BB8632B7}.Release|Any CPU.ActiveCfg = Release|Any CPU
		{6627B302-299E-4182-8288-5438BB8632B7}.Release|Any CPU.Build.0 = Release|Any CPU
		{3ECD041E-4048-4C81-8C8E-A5877EC1D671}.Debug|Any CPU.ActiveCfg = Debug|Any CPU
		{3ECD041E-4048-4C81-8C8E-A5877EC1D671}.Debug|Any CPU.Build.0 = Debug|Any CPU
		{3ECD041E-4048-4C81-8C8E-A5877EC1D671}.Release|Any CPU.ActiveCfg = Release|Any CPU
		{3ECD041E-4048-4C81-8C8E-A5877EC1D671}.Release|Any CPU.Build.0 = Release|Any CPU
		{DB8A9D77-A086-4E91-BB7B-878C69566E45}.Debug|Any CPU.ActiveCfg = Debug|Any CPU
		{DB8A9D77-A086-4E91-BB7B-878C69566E45}.Debug|Any CPU.Build.0 = Debug|Any CPU
		{DB8A9D77-A086-4E91-BB7B-878C69566E45}.Release|Any CPU.ActiveCfg = Release|Any CPU
		{DB8A9D77-A086-4E91-BB7B-878C69566E45}.Release|Any CPU.Build.0 = Release|Any CPU
		{99CE6005-EBDD-44AF-9C48-DA08C8223BCE}.Debug|Any CPU.ActiveCfg = Debug|Any CPU
		{99CE6005-EBDD-44AF-9C48-DA08C8223BCE}.Debug|Any CPU.Build.0 = Debug|Any CPU
		{99CE6005-EBDD-44AF-9C48-DA08C8223BCE}.Release|Any CPU.ActiveCfg = Release|Any CPU
		{99CE6005-EBDD-44AF-9C48-DA08C8223BCE}.Release|Any CPU.Build.0 = Release|Any CPU
		{EC9C6980-33E8-426B-A13B-2AC3F1A46E40}.Debug|Any CPU.ActiveCfg = Debug|Any CPU
		{EC9C6980-33E8-426B-A13B-2AC3F1A46E40}.Debug|Any CPU.Build.0 = Debug|Any CPU
		{EC9C6980-33E8-426B-A13B-2AC3F1A46E40}.Release|Any CPU.ActiveCfg = Release|Any CPU
		{EC9C6980-33E8-426B-A13B-2AC3F1A46E40}.Release|Any CPU.Build.0 = Release|Any CPU
		{6860FD71-8D38-46EF-89E4-CE05ECC90CC6}.Debug|Any CPU.ActiveCfg = Debug|Any CPU
		{6860FD71-8D38-46EF-89E4-CE05ECC90CC6}.Debug|Any CPU.Build.0 = Debug|Any CPU
		{6860FD71-8D38-46EF-89E4-CE05ECC90CC6}.Release|Any CPU.ActiveCfg = Release|Any CPU
		{6860FD71-8D38-46EF-89E4-CE05ECC90CC6}.Release|Any CPU.Build.0 = Release|Any CPU
		{78CE5480-71A0-4E2D-BD0B-4AFB5EA889E7}.Debug|Any CPU.ActiveCfg = Debug|Any CPU
		{78CE5480-71A0-4E2D-BD0B-4AFB5EA889E7}.Debug|Any CPU.Build.0 = Debug|Any CPU
		{78CE5480-71A0-4E2D-BD0B-4AFB5EA889E7}.Release|Any CPU.ActiveCfg = Release|Any CPU
		{78CE5480-71A0-4E2D-BD0B-4AFB5EA889E7}.Release|Any CPU.Build.0 = Release|Any CPU
		{E05AEB46-28E8-4D2A-86A3-D9BA9DE731B9}.Debug|Any CPU.ActiveCfg = Debug|Any CPU
		{E05AEB46-28E8-4D2A-86A3-D9BA9DE731B9}.Debug|Any CPU.Build.0 = Debug|Any CPU
		{E05AEB46-28E8-4D2A-86A3-D9BA9DE731B9}.Release|Any CPU.ActiveCfg = Release|Any CPU
		{E05AEB46-28E8-4D2A-86A3-D9BA9DE731B9}.Release|Any CPU.Build.0 = Release|Any CPU
		{269E1BB9-F014-4032-A521-6156AA3A8DC7}.Debug|Any CPU.ActiveCfg = Debug|Any CPU
		{269E1BB9-F014-4032-A521-6156AA3A8DC7}.Debug|Any CPU.Build.0 = Debug|Any CPU
		{269E1BB9-F014-4032-A521-6156AA3A8DC7}.Release|Any CPU.ActiveCfg = Release|Any CPU
		{269E1BB9-F014-4032-A521-6156AA3A8DC7}.Release|Any CPU.Build.0 = Release|Any CPU
		{CE3A6E0C-2F3D-4A68-B0DA-9585E348EAEE}.Debug|Any CPU.ActiveCfg = Debug|Any CPU
		{CE3A6E0C-2F3D-4A68-B0DA-9585E348EAEE}.Debug|Any CPU.Build.0 = Debug|Any CPU
		{CE3A6E0C-2F3D-4A68-B0DA-9585E348EAEE}.Release|Any CPU.ActiveCfg = Release|Any CPU
		{CE3A6E0C-2F3D-4A68-B0DA-9585E348EAEE}.Release|Any CPU.Build.0 = Release|Any CPU
		{27D27456-F4AD-4BD7-98D5-95396377F669}.Debug|Any CPU.ActiveCfg = Debug|Any CPU
		{27D27456-F4AD-4BD7-98D5-95396377F669}.Debug|Any CPU.Build.0 = Debug|Any CPU
		{27D27456-F4AD-4BD7-98D5-95396377F669}.Release|Any CPU.ActiveCfg = Release|Any CPU
		{27D27456-F4AD-4BD7-98D5-95396377F669}.Release|Any CPU.Build.0 = Release|Any CPU
		{5845785E-7431-4103-AE77-2B3AED45CA84}.Debug|Any CPU.ActiveCfg = Debug|Any CPU
		{5845785E-7431-4103-AE77-2B3AED45CA84}.Debug|Any CPU.Build.0 = Debug|Any CPU
		{5845785E-7431-4103-AE77-2B3AED45CA84}.Release|Any CPU.ActiveCfg = Release|Any CPU
		{5845785E-7431-4103-AE77-2B3AED45CA84}.Release|Any CPU.Build.0 = Release|Any CPU
		{C5617B3D-657E-4211-BF02-07A82592819F}.Debug|Any CPU.ActiveCfg = Debug|Any CPU
		{C5617B3D-657E-4211-BF02-07A82592819F}.Debug|Any CPU.Build.0 = Debug|Any CPU
		{C5617B3D-657E-4211-BF02-07A82592819F}.Release|Any CPU.ActiveCfg = Release|Any CPU
		{C5617B3D-657E-4211-BF02-07A82592819F}.Release|Any CPU.Build.0 = Release|Any CPU
		{375579AC-ED7C-48C4-A4E2-1C7116BC296B}.Debug|Any CPU.ActiveCfg = Debug|Any CPU
		{375579AC-ED7C-48C4-A4E2-1C7116BC296B}.Debug|Any CPU.Build.0 = Debug|Any CPU
		{375579AC-ED7C-48C4-A4E2-1C7116BC296B}.Release|Any CPU.ActiveCfg = Release|Any CPU
		{375579AC-ED7C-48C4-A4E2-1C7116BC296B}.Release|Any CPU.Build.0 = Release|Any CPU
		{68F385FB-0E19-4AF1-9BF9-FF4F4297095D}.Debug|Any CPU.ActiveCfg = Debug|Any CPU
		{68F385FB-0E19-4AF1-9BF9-FF4F4297095D}.Debug|Any CPU.Build.0 = Debug|Any CPU
		{68F385FB-0E19-4AF1-9BF9-FF4F4297095D}.Release|Any CPU.ActiveCfg = Release|Any CPU
		{68F385FB-0E19-4AF1-9BF9-FF4F4297095D}.Release|Any CPU.Build.0 = Release|Any CPU
		{8023820C-522D-40EE-8876-9FA6A18AA4B2}.Debug|Any CPU.ActiveCfg = Debug|Any CPU
		{8023820C-522D-40EE-8876-9FA6A18AA4B2}.Debug|Any CPU.Build.0 = Debug|Any CPU
		{8023820C-522D-40EE-8876-9FA6A18AA4B2}.Release|Any CPU.ActiveCfg = Release|Any CPU
		{8023820C-522D-40EE-8876-9FA6A18AA4B2}.Release|Any CPU.Build.0 = Release|Any CPU
		{94577E31-C4A5-4EF8-951D-4B1457596238}.Debug|Any CPU.ActiveCfg = Debug|Any CPU
		{94577E31-C4A5-4EF8-951D-4B1457596238}.Debug|Any CPU.Build.0 = Debug|Any CPU
		{94577E31-C4A5-4EF8-951D-4B1457596238}.Release|Any CPU.ActiveCfg = Release|Any CPU
		{94577E31-C4A5-4EF8-951D-4B1457596238}.Release|Any CPU.Build.0 = Release|Any CPU
		{58B0FE5C-3CB9-483B-B23A-19EBE09338FD}.Debug|Any CPU.ActiveCfg = Debug|Any CPU
		{58B0FE5C-3CB9-483B-B23A-19EBE09338FD}.Debug|Any CPU.Build.0 = Debug|Any CPU
		{58B0FE5C-3CB9-483B-B23A-19EBE09338FD}.Release|Any CPU.ActiveCfg = Release|Any CPU
		{58B0FE5C-3CB9-483B-B23A-19EBE09338FD}.Release|Any CPU.Build.0 = Release|Any CPU
		{5B823D4E-37DD-4C32-A359-21EBCAABFF14}.Debug|Any CPU.ActiveCfg = Debug|Any CPU
		{5B823D4E-37DD-4C32-A359-21EBCAABFF14}.Debug|Any CPU.Build.0 = Debug|Any CPU
		{5B823D4E-37DD-4C32-A359-21EBCAABFF14}.Release|Any CPU.ActiveCfg = Release|Any CPU
		{5B823D4E-37DD-4C32-A359-21EBCAABFF14}.Release|Any CPU.Build.0 = Release|Any CPU
		{2FA27291-95AE-4476-AE48-D5A8A2C3880E}.Debug|Any CPU.ActiveCfg = Debug|Any CPU
		{2FA27291-95AE-4476-AE48-D5A8A2C3880E}.Debug|Any CPU.Build.0 = Debug|Any CPU
		{2FA27291-95AE-4476-AE48-D5A8A2C3880E}.Release|Any CPU.ActiveCfg = Release|Any CPU
		{2FA27291-95AE-4476-AE48-D5A8A2C3880E}.Release|Any CPU.Build.0 = Release|Any CPU
		{F120EE10-A393-4B15-9451-177BB76F7585}.Debug|Any CPU.ActiveCfg = Debug|Any CPU
		{F120EE10-A393-4B15-9451-177BB76F7585}.Debug|Any CPU.Build.0 = Debug|Any CPU
		{F120EE10-A393-4B15-9451-177BB76F7585}.Release|Any CPU.ActiveCfg = Release|Any CPU
		{F120EE10-A393-4B15-9451-177BB76F7585}.Release|Any CPU.Build.0 = Release|Any CPU
		{65A09C58-D94C-4851-8170-26E41E21ED31}.Debug|Any CPU.ActiveCfg = Debug|Any CPU
		{65A09C58-D94C-4851-8170-26E41E21ED31}.Debug|Any CPU.Build.0 = Debug|Any CPU
		{65A09C58-D94C-4851-8170-26E41E21ED31}.Release|Any CPU.ActiveCfg = Release|Any CPU
		{65A09C58-D94C-4851-8170-26E41E21ED31}.Release|Any CPU.Build.0 = Release|Any CPU
		{84730A56-5DA6-4F42-862B-47D4C749FDA0}.Debug|Any CPU.ActiveCfg = Debug|Any CPU
		{84730A56-5DA6-4F42-862B-47D4C749FDA0}.Debug|Any CPU.Build.0 = Debug|Any CPU
		{84730A56-5DA6-4F42-862B-47D4C749FDA0}.Release|Any CPU.ActiveCfg = Release|Any CPU
		{84730A56-5DA6-4F42-862B-47D4C749FDA0}.Release|Any CPU.Build.0 = Release|Any CPU
		{CF34217C-AA4A-41E6-B092-8F332D9C7CA2}.Debug|Any CPU.ActiveCfg = Debug|Any CPU
		{CF34217C-AA4A-41E6-B092-8F332D9C7CA2}.Debug|Any CPU.Build.0 = Debug|Any CPU
		{CF34217C-AA4A-41E6-B092-8F332D9C7CA2}.Release|Any CPU.ActiveCfg = Release|Any CPU
		{CF34217C-AA4A-41E6-B092-8F332D9C7CA2}.Release|Any CPU.Build.0 = Release|Any CPU
		{F43E499E-6689-4F26-8625-07E95F631167}.Debug|Any CPU.ActiveCfg = Debug|Any CPU
		{F43E499E-6689-4F26-8625-07E95F631167}.Debug|Any CPU.Build.0 = Debug|Any CPU
		{F43E499E-6689-4F26-8625-07E95F631167}.Release|Any CPU.ActiveCfg = Release|Any CPU
		{F43E499E-6689-4F26-8625-07E95F631167}.Release|Any CPU.Build.0 = Release|Any CPU
		{017B72CE-58E8-4FF3-8AC4-2366063885E6}.Debug|Any CPU.ActiveCfg = Debug|Any CPU
		{017B72CE-58E8-4FF3-8AC4-2366063885E6}.Debug|Any CPU.Build.0 = Debug|Any CPU
		{017B72CE-58E8-4FF3-8AC4-2366063885E6}.Release|Any CPU.ActiveCfg = Release|Any CPU
		{017B72CE-58E8-4FF3-8AC4-2366063885E6}.Release|Any CPU.Build.0 = Release|Any CPU
	EndGlobalSection
	GlobalSection(SolutionProperties) = preSolution
		HideSolutionNode = FALSE
	EndGlobalSection
	GlobalSection(NestedProjects) = preSolution
		{97200AF7-B1D3-4AB7-BEF7-DF688871D6D8} = {8D76E4EA-958F-4B3A-ADC6-A25191ECAD4C}
		{19B70D93-F698-458D-A541-71AE4F2D717C} = {97200AF7-B1D3-4AB7-BEF7-DF688871D6D8}
		{53992CCD-61BC-41CB-8CF0-53A5B6C02DF7} = {97200AF7-B1D3-4AB7-BEF7-DF688871D6D8}
		{314150D4-2195-4935-A497-9DC2867A4329} = {53992CCD-61BC-41CB-8CF0-53A5B6C02DF7}
		{E4EF3A09-6B6D-4726-8744-D09D9115D5E5} = {97200AF7-B1D3-4AB7-BEF7-DF688871D6D8}
		{8F2FC0FD-F210-4558-AC71-2793935501D6} = {E4EF3A09-6B6D-4726-8744-D09D9115D5E5}
		{397E865D-7DD4-45F5-82C0-71304AF45400} = {E4EF3A09-6B6D-4726-8744-D09D9115D5E5}
		{C49090D7-54E8-4E82-ACBE-2EE163D2D213} = {E4EF3A09-6B6D-4726-8744-D09D9115D5E5}
		{9713F7EF-C733-4D2E-A188-1F3EF5BA81D1} = {E4EF3A09-6B6D-4726-8744-D09D9115D5E5}
		{7AB73443-EB32-469E-8128-70666F150516} = {E4EF3A09-6B6D-4726-8744-D09D9115D5E5}
		{3ECD041E-4048-4C81-8C8E-A5877EC1D671} = {8F2FC0FD-F210-4558-AC71-2793935501D6}
		{DB8A9D77-A086-4E91-BB7B-878C69566E45} = {397E865D-7DD4-45F5-82C0-71304AF45400}
		{99CE6005-EBDD-44AF-9C48-DA08C8223BCE} = {397E865D-7DD4-45F5-82C0-71304AF45400}
		{EC9C6980-33E8-426B-A13B-2AC3F1A46E40} = {C49090D7-54E8-4E82-ACBE-2EE163D2D213}
		{6860FD71-8D38-46EF-89E4-CE05ECC90CC6} = {C49090D7-54E8-4E82-ACBE-2EE163D2D213}
		{78CE5480-71A0-4E2D-BD0B-4AFB5EA889E7} = {9713F7EF-C733-4D2E-A188-1F3EF5BA81D1}
		{E05AEB46-28E8-4D2A-86A3-D9BA9DE731B9} = {7AB73443-EB32-469E-8128-70666F150516}
		{269E1BB9-F014-4032-A521-6156AA3A8DC7} = {314150D4-2195-4935-A497-9DC2867A4329}
		{1A11A736-C34A-438E-B656-EB8F1094FC68} = {53992CCD-61BC-41CB-8CF0-53A5B6C02DF7}
		{CE3A6E0C-2F3D-4A68-B0DA-9585E348EAEE} = {1A11A736-C34A-438E-B656-EB8F1094FC68}
		{0DFD3790-E9E0-4990-854F-5121860C090B} = {53992CCD-61BC-41CB-8CF0-53A5B6C02DF7}
		{27D27456-F4AD-4BD7-98D5-95396377F669} = {0DFD3790-E9E0-4990-854F-5121860C090B}
		{A2DB490E-F115-44D8-8D28-D22C3DAF7017} = {53992CCD-61BC-41CB-8CF0-53A5B6C02DF7}
		{5845785E-7431-4103-AE77-2B3AED45CA84} = {A2DB490E-F115-44D8-8D28-D22C3DAF7017}
		{5B4A146A-FBD2-4541-87F3-A14251607659} = {53992CCD-61BC-41CB-8CF0-53A5B6C02DF7}
		{C5617B3D-657E-4211-BF02-07A82592819F} = {5B4A146A-FBD2-4541-87F3-A14251607659}
		{6949FD80-5C60-4986-8F7E-ECB66E7F5CBA} = {8D76E4EA-958F-4B3A-ADC6-A25191ECAD4C}
		{3F52D60D-DF7F-4144-BF07-D2D2FC229DEB} = {97200AF7-B1D3-4AB7-BEF7-DF688871D6D8}
		{C6A3991F-9335-4D46-9640-204628C5A07F} = {3F52D60D-DF7F-4144-BF07-D2D2FC229DEB}
		{508EBBF0-0142-4998-8F64-CD15289F3DDE} = {3F52D60D-DF7F-4144-BF07-D2D2FC229DEB}
		{F88DC56B-2EF6-43EF-A4C2-82DD18E956E8} = {3F52D60D-DF7F-4144-BF07-D2D2FC229DEB}
		{D2B8C089-1265-4E34-89A7-46B730F460B4} = {3F52D60D-DF7F-4144-BF07-D2D2FC229DEB}
		{375579AC-ED7C-48C4-A4E2-1C7116BC296B} = {C6A3991F-9335-4D46-9640-204628C5A07F}
		{68F385FB-0E19-4AF1-9BF9-FF4F4297095D} = {508EBBF0-0142-4998-8F64-CD15289F3DDE}
		{8023820C-522D-40EE-8876-9FA6A18AA4B2} = {F88DC56B-2EF6-43EF-A4C2-82DD18E956E8}
		{94577E31-C4A5-4EF8-951D-4B1457596238} = {D2B8C089-1265-4E34-89A7-46B730F460B4}
		{47805935-0998-432E-A0A5-E56FC70B002B} = {3F52D60D-DF7F-4144-BF07-D2D2FC229DEB}
		{58B0FE5C-3CB9-483B-B23A-19EBE09338FD} = {47805935-0998-432E-A0A5-E56FC70B002B}
		{757957B6-8FC5-426E-B503-2D1F34C91E26} = {19B70D93-F698-458D-A541-71AE4F2D717C}
		{70131563-DC74-4A64-9FEA-40BE8E41C2C2} = {19B70D93-F698-458D-A541-71AE4F2D717C}
		{C596D112-A26B-4283-AC37-134F0F505308} = {19B70D93-F698-458D-A541-71AE4F2D717C}
		{A42031DA-6213-4DC5-9B07-65C15B182D77} = {19B70D93-F698-458D-A541-71AE4F2D717C}
		{97490555-9B63-4CF2-A996-F95A224C125C} = {19B70D93-F698-458D-A541-71AE4F2D717C}
		{5B823D4E-37DD-4C32-A359-21EBCAABFF14} = {97490555-9B63-4CF2-A996-F95A224C125C}
		{2FA27291-95AE-4476-AE48-D5A8A2C3880E} = {A42031DA-6213-4DC5-9B07-65C15B182D77}
		{F120EE10-A393-4B15-9451-177BB76F7585} = {70131563-DC74-4A64-9FEA-40BE8E41C2C2}
		{65A09C58-D94C-4851-8170-26E41E21ED31} = {757957B6-8FC5-426E-B503-2D1F34C91E26}
		{84730A56-5DA6-4F42-862B-47D4C749FDA0} = {C596D112-A26B-4283-AC37-134F0F505308}
		{CF34217C-AA4A-41E6-B092-8F332D9C7CA2} = {7AB73443-EB32-469E-8128-70666F150516}
		{B77E3134-694C-40AE-B2D3-ED0F817A5950} = {8D76E4EA-958F-4B3A-ADC6-A25191ECAD4C}
		{F43E499E-6689-4F26-8625-07E95F631167} = {B77E3134-694C-40AE-B2D3-ED0F817A5950}
		{017B72CE-58E8-4FF3-8AC4-2366063885E6} = {6949FD80-5C60-4986-8F7E-ECB66E7F5CBA}
	EndGlobalSection
	GlobalSection(ExtensibilityGlobals) = postSolution
		SolutionGuid = {8C66BF48-4E7D-4C60-83AE-147F5662B919}
	EndGlobalSection
EndGlobal
